
Microsoft Visual Studio Solution File, Format Version 12.00
# Visual Studio Version 17
VisualStudioVersion = 17.4.33213.308
MinimumVisualStudioVersion = 10.0.40219.1
Project("{FAE04EC0-301F-11D3-BF4B-00C04F79EFBC}") = "Blog", "Blog\Blog.csproj", "{153AADEF-940F-4288-86D8-1CE80EEE0CDC}"
EndProject
Global
	GlobalSection(SolutionConfigurationPlatforms) = preSolution
		Debug|Any CPU = Debug|Any CPU
		Release|Any CPU = Release|Any CPU
	EndGlobalSection
	GlobalSection(ProjectConfigurationPlatforms) = postSolution
		{153AADEF-940F-4288-86D8-1CE80EEE0CDC}.Debug|Any CPU.ActiveCfg = Debug|Any CPU
		{153AADEF-940F-4288-86D8-1CE80EEE0CDC}.Debug|Any CPU.Build.0 = Debug|Any CPU
		{153AADEF-940F-4288-86D8-1CE80EEE0CDC}.Release|Any CPU.ActiveCfg = Release|Any CPU
		{153AADEF-940F-4288-86D8-1CE80EEE0CDC}.Release|Any CPU.Build.0 = Release|Any CPU
	EndGlobalSection
	GlobalSection(SolutionProperties) = preSolution
		HideSolutionNode = FALSE
	EndGlobalSection
	GlobalSection(ExtensibilityGlobals) = postSolution
		SolutionGuid = {C2BDAC6B-E89F-4642-AAD9-4F02E8949D20}
	EndGlobalSection
EndGlobal
